
Microsoft Visual Studio Solution File, Format Version 12.00
# Visual Studio Version 17
VisualStudioVersion = 17.0.31919.166
MinimumVisualStudioVersion = 10.0.40219.1
Project("{FAE04EC0-301F-11D3-BF4B-00C04F79EFBC}") = "AdventOfCode2021.CLI", "AdventOfCode2021.CLI\AdventOfCode2021.CLI.csproj", "{236AE915-6C58-4177-8B08-993145EE756E}"
EndProject
Project("{FAE04EC0-301F-11D3-BF4B-00C04F79EFBC}") = "AdventOfCode2021.Solutions", "AdventOfCode2021.Solutions\AdventOfCode2021.Solutions.csproj", "{D7BA3C0B-F970-439E-94F5-6DDF6B55AC4F}"
EndProject
Global
	GlobalSection(SolutionConfigurationPlatforms) = preSolution
		Debug|Any CPU = Debug|Any CPU
		Release|Any CPU = Release|Any CPU
	EndGlobalSection
	GlobalSection(ProjectConfigurationPlatforms) = postSolution
		{236AE915-6C58-4177-8B08-993145EE756E}.Debug|Any CPU.ActiveCfg = Debug|Any CPU
		{236AE915-6C58-4177-8B08-993145EE756E}.Debug|Any CPU.Build.0 = Debug|Any CPU
		{236AE915-6C58-4177-8B08-993145EE756E}.Release|Any CPU.ActiveCfg = Release|Any CPU
		{236AE915-6C58-4177-8B08-993145EE756E}.Release|Any CPU.Build.0 = Release|Any CPU
		{D7BA3C0B-F970-439E-94F5-6DDF6B55AC4F}.Debug|Any CPU.ActiveCfg = Debug|Any CPU
		{D7BA3C0B-F970-439E-94F5-6DDF6B55AC4F}.Debug|Any CPU.Build.0 = Debug|Any CPU
		{D7BA3C0B-F970-439E-94F5-6DDF6B55AC4F}.Release|Any CPU.ActiveCfg = Release|Any CPU
		{D7BA3C0B-F970-439E-94F5-6DDF6B55AC4F}.Release|Any CPU.Build.0 = Release|Any CPU
	EndGlobalSection
	GlobalSection(SolutionProperties) = preSolution
		HideSolutionNode = FALSE
	EndGlobalSection
	GlobalSection(ExtensibilityGlobals) = postSolution
		SolutionGuid = {23547043-489E-422F-B86B-733122F61CBB}
	EndGlobalSection
EndGlobal
